
Microsoft Visual Studio Solution File, Format Version 12.00
# Visual Studio Version 17
VisualStudioVersion = 17.3.32819.101
MinimumVisualStudioVersion = 10.0.40219.1
Project("{FAE04EC0-301F-11D3-BF4B-00C04F79EFBC}") = "cryptograph", "cryptograph\cryptograph.csproj", "{6FEF43C3-E198-4DF0-9C2C-820CA5CA7375}"
EndProject
Global
	GlobalSection(SolutionConfigurationPlatforms) = preSolution
		Debug|Any CPU = Debug|Any CPU
		Release|Any CPU = Release|Any CPU
	EndGlobalSection
	GlobalSection(ProjectConfigurationPlatforms) = postSolution
		{6FEF43C3-E198-4DF0-9C2C-820CA5CA7375}.Debug|Any CPU.ActiveCfg = Debug|Any CPU
		{6FEF43C3-E198-4DF0-9C2C-820CA5CA7375}.Debug|Any CPU.Build.0 = Debug|Any CPU
		{6FEF43C3-E198-4DF0-9C2C-820CA5CA7375}.Release|Any CPU.ActiveCfg = Release|Any CPU
		{6FEF43C3-E198-4DF0-9C2C-820CA5CA7375}.Release|Any CPU.Build.0 = Release|Any CPU
	EndGlobalSection
	GlobalSection(SolutionProperties) = preSolution
		HideSolutionNode = FALSE
	EndGlobalSection
	GlobalSection(ExtensibilityGlobals) = postSolution
		SolutionGuid = {20A4A77A-096E-4ED8-A10E-13EC25553994}
	EndGlobalSection
EndGlobal
